
Microsoft Visual Studio Solution File, Format Version 12.00
# Visual Studio Version 16
VisualStudioVersion = 16.0.30330.147
MinimumVisualStudioVersion = 10.0.40219.1
Project("{9A19103F-16F7-4668-BE54-9A1E7A4F7556}") = "ApiPeopleJwt", "ApiPeopleJwt\ApiPeopleJwt.csproj", "{554CB816-3BA7-4231-89DE-5BEB90AF5844}"
EndProject
Project("{FAE04EC0-301F-11D3-BF4B-00C04F79EFBC}") = "ApiPeopleJwt.Testes", "ApiPeopleJwt.Testes\ApiPeopleJwt.Testes.csproj", "{A84E7B28-2A80-47D8-9704-E55400B9E4FB}"
EndProject
Global
	GlobalSection(SolutionConfigurationPlatforms) = preSolution
		Debug|Any CPU = Debug|Any CPU
		Release|Any CPU = Release|Any CPU
	EndGlobalSection
	GlobalSection(ProjectConfigurationPlatforms) = postSolution
		{554CB816-3BA7-4231-89DE-5BEB90AF5844}.Debug|Any CPU.ActiveCfg = Debug|Any CPU
		{554CB816-3BA7-4231-89DE-5BEB90AF5844}.Debug|Any CPU.Build.0 = Debug|Any CPU
		{554CB816-3BA7-4231-89DE-5BEB90AF5844}.Release|Any CPU.ActiveCfg = Release|Any CPU
		{554CB816-3BA7-4231-89DE-5BEB90AF5844}.Release|Any CPU.Build.0 = Release|Any CPU
		{A84E7B28-2A80-47D8-9704-E55400B9E4FB}.Debug|Any CPU.ActiveCfg = Debug|Any CPU
		{A84E7B28-2A80-47D8-9704-E55400B9E4FB}.Debug|Any CPU.Build.0 = Debug|Any CPU
		{A84E7B28-2A80-47D8-9704-E55400B9E4FB}.Release|Any CPU.ActiveCfg = Release|Any CPU
		{A84E7B28-2A80-47D8-9704-E55400B9E4FB}.Release|Any CPU.Build.0 = Release|Any CPU
	EndGlobalSection
	GlobalSection(SolutionProperties) = preSolution
		HideSolutionNode = FALSE
	EndGlobalSection
	GlobalSection(ExtensibilityGlobals) = postSolution
		SolutionGuid = {44EBAB36-E6B1-490B-8294-77356F8BC4C4}
	EndGlobalSection
EndGlobal
